// !$*UTF8*$!
{
	archiveVersion = 1;
	classes = {
	};
	objectVersion = 55;
	objects = {

/* Begin PBXBuildFile section */
		2BBF59E527F27AB100729F79 /* AppDelegate.swift in Sources */ = {isa = PBXBuildFile; fileRef = 2BBF59E427F27AB100729F79 /* AppDelegate.swift */; };
		2BBF59E727F27AB100729F79 /* ViewController.swift in Sources */ = {isa = PBXBuildFile; fileRef = 2BBF59E627F27AB100729F79 /* ViewController.swift */; };
		2BBF59E927F27AB200729F79 /* Assets.xcassets in Resources */ = {isa = PBXBuildFile; fileRef = 2BBF59E827F27AB200729F79 /* Assets.xcassets */; };
		2BBF59EC27F27AB200729F79 /* Main.storyboard in Resources */ = {isa = PBXBuildFile; fileRef = 2BBF59EA27F27AB200729F79 /* Main.storyboard */; };
		2BBF59F727F27AB200729F79 /* MedicAgent_Web_AppTests.swift in Sources */ = {isa = PBXBuildFile; fileRef = 2BBF59F627F27AB200729F79 /* MedicAgent_Web_AppTests.swift */; };
		2BBF5A0127F27AB200729F79 /* MedicAgent_Web_AppUITests.swift in Sources */ = {isa = PBXBuildFile; fileRef = 2BBF5A0027F27AB200729F79 /* MedicAgent_Web_AppUITests.swift */; };
		2BBF5A0327F27AB200729F79 /* MedicAgent_Web_AppUITestsLaunchTests.swift in Sources */ = {isa = PBXBuildFile; fileRef = 2BBF5A0227F27AB200729F79 /* MedicAgent_Web_AppUITestsLaunchTests.swift */; };
/* End PBXBuildFile section */

/* Begin PBXContainerItemProxy section */
		2BBF59F327F27AB200729F79 /* PBXContainerItemProxy */ = {
			isa = PBXContainerItemProxy;
			containerPortal = 2BBF59D927F27AB100729F79 /* Project object */;
			proxyType = 1;
			remoteGlobalIDString = 2BBF59E027F27AB100729F79;
			remoteInfo = "MedicAgent Web App";
		};
		2BBF59FD27F27AB200729F79 /* PBXContainerItemProxy */ = {
			isa = PBXContainerItemProxy;
			containerPortal = 2BBF59D927F27AB100729F79 /* Project object */;
			proxyType = 1;
			remoteGlobalIDString = 2BBF59E027F27AB100729F79;
			remoteInfo = "MedicAgent Web App";
		};
/* End PBXContainerItemProxy section */

/* Begin PBXFileReference section */
		2BBF59E127F27AB100729F79 /* MedicAgent Web App.app */ = {isa = PBXFileReference; explicitFileType = wrapper.application; includeInIndex = 0; path = "MedicAgent Web App.app"; sourceTree = BUILT_PRODUCTS_DIR; };
		2BBF59E427F27AB100729F79 /* AppDelegate.swift */ = {isa = PBXFileReference; lastKnownFileType = sourcecode.swift; path = AppDelegate.swift; sourceTree = "<group>"; };
		2BBF59E627F27AB100729F79 /* ViewController.swift */ = {isa = PBXFileReference; lastKnownFileType = sourcecode.swift; path = ViewController.swift; sourceTree = "<group>"; };
		2BBF59E827F27AB200729F79 /* Assets.xcassets */ = {isa = PBXFileReference; lastKnownFileType = folder.assetcatalog; path = Assets.xcassets; sourceTree = "<group>"; };
		2BBF59EB27F27AB200729F79 /* Base */ = {isa = PBXFileReference; lastKnownFileType = file.storyboard; name = Base; path = Base.lproj/Main.storyboard; sourceTree = "<group>"; };
		2BBF59ED27F27AB200729F79 /* MedicAgent_Web_App.entitlements */ = {isa = PBXFileReference; lastKnownFileType = text.plist.entitlements; path = MedicAgent_Web_App.entitlements; sourceTree = "<group>"; };
		2BBF59F227F27AB200729F79 /* MedicAgent Web AppTests.xctest */ = {isa = PBXFileReference; explicitFileType = wrapper.cfbundle; includeInIndex = 0; path = "MedicAgent Web AppTests.xctest"; sourceTree = BUILT_PRODUCTS_DIR; };
		2BBF59F627F27AB200729F79 /* MedicAgent_Web_AppTests.swift */ = {isa = PBXFileReference; lastKnownFileType = sourcecode.swift; path = MedicAgent_Web_AppTests.swift; sourceTree = "<group>"; };
		2BBF59FC27F27AB200729F79 /* MedicAgent Web AppUITests.xctest */ = {isa = PBXFileReference; explicitFileType = wrapper.cfbundle; includeInIndex = 0; path = "MedicAgent Web AppUITests.xctest"; sourceTree = BUILT_PRODUCTS_DIR; };
		2BBF5A0027F27AB200729F79 /* MedicAgent_Web_AppUITests.swift */ = {isa = PBXFileReference; lastKnownFileType = sourcecode.swift; path = MedicAgent_Web_AppUITests.swift; sourceTree = "<group>"; };
		2BBF5A0227F27AB200729F79 /* MedicAgent_Web_AppUITestsLaunchTests.swift */ = {isa = PBXFileReference; lastKnownFileType = sourcecode.swift; path = MedicAgent_Web_AppUITestsLaunchTests.swift; sourceTree = "<group>"; };
/* End PBXFileReference section */

/* Begin PBXFrameworksBuildPhase section */
		2BBF59DE27F27AB100729F79 /* Frameworks */ = {
			isa = PBXFrameworksBuildPhase;
			buildActionMask = 2147483647;
			files = (
			);
			runOnlyForDeploymentPostprocessing = 0;
		};
		2BBF59EF27F27AB200729F79 /* Frameworks */ = {
			isa = PBXFrameworksBuildPhase;
			buildActionMask = 2147483647;
			files = (
			);
			runOnlyForDeploymentPostprocessing = 0;
		};
		2BBF59F927F27AB200729F79 /* Frameworks */ = {
			isa = PBXFrameworksBuildPhase;
			buildActionMask = 2147483647;
			files = (
			);
			runOnlyForDeploymentPostprocessing = 0;
		};
/* End PBXFrameworksBuildPhase section */

/* Begin PBXGroup section */
		2BBF59D827F27AB100729F79 = {
			isa = PBXGroup;
			children = (
				2BBF59E327F27AB100729F79 /* MedicAgent Web App */,
				2BBF59F527F27AB200729F79 /* MedicAgent Web AppTests */,
				2BBF59FF27F27AB200729F79 /* MedicAgent Web AppUITests */,
				2BBF59E227F27AB100729F79 /* Products */,
			);
			sourceTree = "<group>";
		};
		2BBF59E227F27AB100729F79 /* Products */ = {
			isa = PBXGroup;
			children = (
				2BBF59E127F27AB100729F79 /* MedicAgent Web App.app */,
				2BBF59F227F27AB200729F79 /* MedicAgent Web AppTests.xctest */,
				2BBF59FC27F27AB200729F79 /* MedicAgent Web AppUITests.xctest */,
			);
			name = Products;
			sourceTree = "<group>";
		};
		2BBF59E327F27AB100729F79 /* MedicAgent Web App */ = {
			isa = PBXGroup;
			children = (
				2BBF59E427F27AB100729F79 /* AppDelegate.swift */,
				2BBF59E627F27AB100729F79 /* ViewController.swift */,
				2BBF59E827F27AB200729F79 /* Assets.xcassets */,
				2BBF59EA27F27AB200729F79 /* Main.storyboard */,
				2BBF59ED27F27AB200729F79 /* MedicAgent_Web_App.entitlements */,
			);
			path = "MedicAgent Web App";
			sourceTree = "<group>";
		};
		2BBF59F527F27AB200729F79 /* MedicAgent Web AppTests */ = {
			isa = PBXGroup;
			children = (
				2BBF59F627F27AB200729F79 /* MedicAgent_Web_AppTests.swift */,
			);
			path = "MedicAgent Web AppTests";
			sourceTree = "<group>";
		};
		2BBF59FF27F27AB200729F79 /* MedicAgent Web AppUITests */ = {
			isa = PBXGroup;
			children = (
				2BBF5A0027F27AB200729F79 /* MedicAgent_Web_AppUITests.swift */,
				2BBF5A0227F27AB200729F79 /* MedicAgent_Web_AppUITestsLaunchTests.swift */,
			);
			path = "MedicAgent Web AppUITests";
			sourceTree = "<group>";
		};
/* End PBXGroup section */

/* Begin PBXNativeTarget section */
		2BBF59E027F27AB100729F79 /* MedicAgent Web App */ = {
			isa = PBXNativeTarget;
			buildConfigurationList = 2BBF5A0627F27AB200729F79 /* Build configuration list for PBXNativeTarget "MedicAgent Web App" */;
			buildPhases = (
				2BBF59DD27F27AB100729F79 /* Sources */,
				2BBF59DE27F27AB100729F79 /* Frameworks */,
				2BBF59DF27F27AB100729F79 /* Resources */,
			);
			buildRules = (
			);
			dependencies = (
			);
			name = "MedicAgent Web App";
			productName = "MedicAgent Web App";
			productReference = 2BBF59E127F27AB100729F79 /* MedicAgent Web App.app */;
			productType = "com.apple.product-type.application";
		};
		2BBF59F127F27AB200729F79 /* MedicAgent Web AppTests */ = {
			isa = PBXNativeTarget;
			buildConfigurationList = 2BBF5A0927F27AB200729F79 /* Build configuration list for PBXNativeTarget "MedicAgent Web AppTests" */;
			buildPhases = (
				2BBF59EE27F27AB200729F79 /* Sources */,
				2BBF59EF27F27AB200729F79 /* Frameworks */,
				2BBF59F027F27AB200729F79 /* Resources */,
			);
			buildRules = (
			);
			dependencies = (
				2BBF59F427F27AB200729F79 /* PBXTargetDependency */,
			);
			name = "MedicAgent Web AppTests";
			productName = "MedicAgent Web AppTests";
			productReference = 2BBF59F227F27AB200729F79 /* MedicAgent Web AppTests.xctest */;
			productType = "com.apple.product-type.bundle.unit-test";
		};
		2BBF59FB27F27AB200729F79 /* MedicAgent Web AppUITests */ = {
			isa = PBXNativeTarget;
			buildConfigurationList = 2BBF5A0C27F27AB200729F79 /* Build configuration list for PBXNativeTarget "MedicAgent Web AppUITests" */;
			buildPhases = (
				2BBF59F827F27AB200729F79 /* Sources */,
				2BBF59F927F27AB200729F79 /* Frameworks */,
				2BBF59FA27F27AB200729F79 /* Resources */,
			);
			buildRules = (
			);
			dependencies = (
				2BBF59FE27F27AB200729F79 /* PBXTargetDependency */,
			);
			name = "MedicAgent Web AppUITests";
			productName = "MedicAgent Web AppUITests";
			productReference = 2BBF59FC27F27AB200729F79 /* MedicAgent Web AppUITests.xctest */;
			productType = "com.apple.product-type.bundle.ui-testing";
		};
/* End PBXNativeTarget section */

/* Begin PBXProject section */
		2BBF59D927F27AB100729F79 /* Project object */ = {
			isa = PBXProject;
			attributes = {
				BuildIndependentTargetsInParallel = 1;
				LastSwiftUpdateCheck = 1320;
				LastUpgradeCheck = 1320;
				TargetAttributes = {
					2BBF59E027F27AB100729F79 = {
						CreatedOnToolsVersion = 13.2.1;
					};
					2BBF59F127F27AB200729F79 = {
						CreatedOnToolsVersion = 13.2.1;
						TestTargetID = 2BBF59E027F27AB100729F79;
					};
					2BBF59FB27F27AB200729F79 = {
						CreatedOnToolsVersion = 13.2.1;
						TestTargetID = 2BBF59E027F27AB100729F79;
					};
				};
			};
			buildConfigurationList = 2BBF59DC27F27AB100729F79 /* Build configuration list for PBXProject "MedicAgent Web App" */;
			compatibilityVersion = "Xcode 13.0";
			developmentRegion = en;
			hasScannedForEncodings = 0;
			knownRegions = (
				en,
				Base,
			);
			mainGroup = 2BBF59D827F27AB100729F79;
			productRefGroup = 2BBF59E227F27AB100729F79 /* Products */;
			projectDirPath = "";
			projectRoot = "";
			targets = (
				2BBF59E027F27AB100729F79 /* MedicAgent Web App */,
				2BBF59F127F27AB200729F79 /* MedicAgent Web AppTests */,
				2BBF59FB27F27AB200729F79 /* MedicAgent Web AppUITests */,
			);
		};
/* End PBXProject section */

/* Begin PBXResourcesBuildPhase section */
		2BBF59DF27F27AB100729F79 /* Resources */ = {
			isa = PBXResourcesBuildPhase;
			buildActionMask = 2147483647;
			files = (
				2BBF59E927F27AB200729F79 /* Assets.xcassets in Resources */,
				2BBF59EC27F27AB200729F79 /* Main.storyboard in Resources */,
			);
			runOnlyForDeploymentPostprocessing = 0;
		};
		2BBF59F027F27AB200729F79 /* Resources */ = {
			isa = PBXResourcesBuildPhase;
			buildActionMask = 2147483647;
			files = (
			);
			runOnlyForDeploymentPostprocessing = 0;
		};
		2BBF59FA27F27AB200729F79 /* Resources */ = {
			isa = PBXResourcesBuildPhase;
			buildActionMask = 2147483647;
			files = (
			);
			runOnlyForDeploymentPostprocessing = 0;
		};
/* End PBXResourcesBuildPhase section */

/* Begin PBXSourcesBuildPhase section */
		2BBF59DD27F27AB100729F79 /* Sources */ = {
			isa = PBXSourcesBuildPhase;
			buildActionMask = 2147483647;
			files = (
				2BBF59E727F27AB100729F79 /* ViewController.swift in Sources */,
				2BBF59E527F27AB100729F79 /* AppDelegate.swift in Sources */,
			);
			runOnlyForDeploymentPostprocessing = 0;
		};
		2BBF59EE27F27AB200729F79 /* Sources */ = {
			isa = PBXSourcesBuildPhase;
			buildActionMask = 2147483647;
			files = (
				2BBF59F727F27AB200729F79 /* MedicAgent_Web_AppTests.swift in Sources */,
			);
			runOnlyForDeploymentPostprocessing = 0;
		};
		2BBF59F827F27AB200729F79 /* Sources */ = {
			isa = PBXSourcesBuildPhase;
			buildActionMask = 2147483647;
			files = (
				2BBF5A0327F27AB200729F79 /* MedicAgent_Web_AppUITestsLaunchTests.swift in Sources */,
				2BBF5A0127F27AB200729F79 /* MedicAgent_Web_AppUITests.swift in Sources */,
			);
			runOnlyForDeploymentPostprocessing = 0;
		};
/* End PBXSourcesBuildPhase section */

/* Begin PBXTargetDependency section */
		2BBF59F427F27AB200729F79 /* PBXTargetDependency */ = {
			isa = PBXTargetDependency;
			target = 2BBF59E027F27AB100729F79 /* MedicAgent Web App */;
			targetProxy = 2BBF59F327F27AB200729F79 /* PBXContainerItemProxy */;
		};
		2BBF59FE27F27AB200729F79 /* PBXTargetDependency */ = {
			isa = PBXTargetDependency;
			target = 2BBF59E027F27AB100729F79 /* MedicAgent Web App */;
			targetProxy = 2BBF59FD27F27AB200729F79 /* PBXContainerItemProxy */;
		};
/* End PBXTargetDependency section */

/* Begin PBXVariantGroup section */
		2BBF59EA27F27AB200729F79 /* Main.storyboard */ = {
			isa = PBXVariantGroup;
			children = (
				2BBF59EB27F27AB200729F79 /* Base */,
			);
			name = Main.storyboard;
			sourceTree = "<group>";
		};
/* End PBXVariantGroup section */

/* Begin XCBuildConfiguration section */
		2BBF5A0427F27AB200729F79 /* Debug */ = {
			isa = XCBuildConfiguration;
			buildSettings = {
				ALWAYS_SEARCH_USER_PATHS = NO;
				CLANG_ANALYZER_NONNULL = YES;
				CLANG_ANALYZER_NUMBER_OBJECT_CONVERSION = YES_AGGRESSIVE;
				CLANG_CXX_LANGUAGE_STANDARD = "gnu++17";
				CLANG_CXX_LIBRARY = "libc++";
				CLANG_ENABLE_MODULES = YES;
				CLANG_ENABLE_OBJC_ARC = YES;
				CLANG_ENABLE_OBJC_WEAK = YES;
				CLANG_WARN_BLOCK_CAPTURE_AUTORELEASING = YES;
				CLANG_WARN_BOOL_CONVERSION = YES;
				CLANG_WARN_COMMA = YES;
				CLANG_WARN_CONSTANT_CONVERSION = YES;
				CLANG_WARN_DEPRECATED_OBJC_IMPLEMENTATIONS = YES;
				CLANG_WARN_DIRECT_OBJC_ISA_USAGE = YES_ERROR;
				CLANG_WARN_DOCUMENTATION_COMMENTS = YES;
				CLANG_WARN_EMPTY_BODY = YES;
				CLANG_WARN_ENUM_CONVERSION = YES;
				CLANG_WARN_INFINITE_RECURSION = YES;
				CLANG_WARN_INT_CONVERSION = YES;
				CLANG_WARN_NON_LITERAL_NULL_CONVERSION = YES;
				CLANG_WARN_OBJC_IMPLICIT_RETAIN_SELF = YES;
				CLANG_WARN_OBJC_LITERAL_CONVERSION = YES;
				CLANG_WARN_OBJC_ROOT_CLASS = YES_ERROR;
				CLANG_WARN_QUOTED_INCLUDE_IN_FRAMEWORK_HEADER = YES;
				CLANG_WARN_RANGE_LOOP_ANALYSIS = YES;
				CLANG_WARN_STRICT_PROTOTYPES = YES;
				CLANG_WARN_SUSPICIOUS_MOVE = YES;
				CLANG_WARN_UNGUARDED_AVAILABILITY = YES_AGGRESSIVE;
				CLANG_WARN_UNREACHABLE_CODE = YES;
				CLANG_WARN__DUPLICATE_METHOD_MATCH = YES;
				COPY_PHASE_STRIP = NO;
				DEBUG_INFORMATION_FORMAT = dwarf;
				ENABLE_STRICT_OBJC_MSGSEND = YES;
				ENABLE_TESTABILITY = YES;
				GCC_C_LANGUAGE_STANDARD = gnu11;
				GCC_DYNAMIC_NO_PIC = NO;
				GCC_NO_COMMON_BLOCKS = YES;
				GCC_OPTIMIZATION_LEVEL = 0;
				GCC_PREPROCESSOR_DEFINITIONS = (
					"DEBUG=1",
					"$(inherited)",
				);
				GCC_WARN_64_TO_32_BIT_CONVERSION = YES;
				GCC_WARN_ABOUT_RETURN_TYPE = YES_ERROR;
				GCC_WARN_UNDECLARED_SELECTOR = YES;
				GCC_WARN_UNINITIALIZED_AUTOS = YES_AGGRESSIVE;
				GCC_WARN_UNUSED_FUNCTION = YES;
				GCC_WARN_UNUSED_VARIABLE = YES;
				MACOSX_DEPLOYMENT_TARGET = 11.3;
				MTL_ENABLE_DEBUG_INFO = INCLUDE_SOURCE;
				MTL_FAST_MATH = YES;
				ONLY_ACTIVE_ARCH = YES;
				SDKROOT = macosx;
				SWIFT_ACTIVE_COMPILATION_CONDITIONS = DEBUG;
				SWIFT_OPTIMIZATION_LEVEL = "-Onone";
			};
			name = Debug;
		};
		2BBF5A0527F27AB200729F79 /* Release */ = {
			isa = XCBuildConfiguration;
			buildSettings = {
				ALWAYS_SEARCH_USER_PATHS = NO;
				CLANG_ANALYZER_NONNULL = YES;
				CLANG_ANALYZER_NUMBER_OBJECT_CONVERSION = YES_AGGRESSIVE;
				CLANG_CXX_LANGUAGE_STANDARD = "gnu++17";
				CLANG_CXX_LIBRARY = "libc++";
				CLANG_ENABLE_MODULES = YES;
				CLANG_ENABLE_OBJC_ARC = YES;
				CLANG_ENABLE_OBJC_WEAK = YES;
				CLANG_WARN_BLOCK_CAPTURE_AUTORELEASING = YES;
				CLANG_WARN_BOOL_CONVERSION = YES;
				CLANG_WARN_COMMA = YES;
				CLANG_WARN_CONSTANT_CONVERSION = YES;
				CLANG_WARN_DEPRECATED_OBJC_IMPLEMENTATIONS = YES;
				CLANG_WARN_DIRECT_OBJC_ISA_USAGE = YES_ERROR;
				CLANG_WARN_DOCUMENTATION_COMMENTS = YES;
				CLANG_WARN_EMPTY_BODY = YES;
				CLANG_WARN_ENUM_CONVERSION = YES;
				CLANG_WARN_INFINITE_RECURSION = YES;
				CLANG_WARN_INT_CONVERSION = YES;
				CLANG_WARN_NON_LITERAL_NULL_CONVERSION = YES;
				CLANG_WARN_OBJC_IMPLICIT_RETAIN_SELF = YES;
				CLANG_WARN_OBJC_LITERAL_CONVERSION = YES;
				CLANG_WARN_OBJC_ROOT_CLASS = YES_ERROR;
				CLANG_WARN_QUOTED_INCLUDE_IN_FRAMEWORK_HEADER = YES;
				CLANG_WARN_RANGE_LOOP_ANALYSIS = YES;
				CLANG_WARN_STRICT_PROTOTYPES = YES;
				CLANG_WARN_SUSPICIOUS_MOVE = YES;
				CLANG_WARN_UNGUARDED_AVAILABILITY = YES_AGGRESSIVE;
				CLANG_WARN_UNREACHABLE_CODE = YES;
				CLANG_WARN__DUPLICATE_METHOD_MATCH = YES;
				COPY_PHASE_STRIP = NO;
				DEBUG_INFORMATION_FORMAT = "dwarf-with-dsym";
				ENABLE_NS_ASSERTIONS = NO;
				ENABLE_STRICT_OBJC_MSGSEND = YES;
				GCC_C_LANGUAGE_STANDARD = gnu11;
				GCC_NO_COMMON_BLOCKS = YES;
				GCC_WARN_64_TO_32_BIT_CONVERSION = YES;
				GCC_WARN_ABOUT_RETURN_TYPE = YES_ERROR;
				GCC_WARN_UNDECLARED_SELECTOR = YES;
				GCC_WARN_UNINITIALIZED_AUTOS = YES_AGGRESSIVE;
				GCC_WARN_UNUSED_FUNCTION = YES;
				GCC_WARN_UNUSED_VARIABLE = YES;
				MACOSX_DEPLOYMENT_TARGET = 11.3;
				MTL_ENABLE_DEBUG_INFO = NO;
				MTL_FAST_MATH = YES;
				SDKROOT = macosx;
				SWIFT_COMPILATION_MODE = wholemodule;
				SWIFT_OPTIMIZATION_LEVEL = "-O";
			};
			name = Release;
		};
		2BBF5A0727F27AB200729F79 /* Debug */ = {
			isa = XCBuildConfiguration;
			buildSettings = {
				ASSETCATALOG_COMPILER_APPICON_NAME = AppIcon;
				ASSETCATALOG_COMPILER_GLOBAL_ACCENT_COLOR_NAME = AccentColor;
				CODE_SIGN_ENTITLEMENTS = "MedicAgent Web App/MedicAgent_Web_App.entitlements";
				CODE_SIGN_STYLE = Automatic;
				COMBINE_HIDPI_IMAGES = YES;
				CURRENT_PROJECT_VERSION = 1;
				DEVELOPMENT_TEAM = QV96P5448G;
				ENABLE_HARDENED_RUNTIME = YES;
				GENERATE_INFOPLIST_FILE = YES;
				INFOPLIST_KEY_NSHumanReadableCopyright = "";
				INFOPLIST_KEY_NSMainStoryboardFile = Main;
				INFOPLIST_KEY_NSPrincipalClass = NSApplication;
				LD_RUNPATH_SEARCH_PATHS = (
					"$(inherited)",
					"@executable_path/../Frameworks",
				);
				MARKETING_VERSION = 1.0;
				PRODUCT_BUNDLE_IDENTIFIER = "MedicAgent.MedicAgent-Web-App";
				PRODUCT_NAME = "$(TARGET_NAME)";
				SWIFT_EMIT_LOC_STRINGS = YES;
				SWIFT_VERSION = 5.0;
			};
			name = Debug;
		};
		2BBF5A0827F27AB200729F79 /* Release */ = {
			isa = XCBuildConfiguration;
			buildSettings = {
				ASSETCATALOG_COMPILER_APPICON_NAME = AppIcon;
				ASSETCATALOG_COMPILER_GLOBAL_ACCENT_COLOR_NAME = AccentColor;
				CODE_SIGN_ENTITLEMENTS = "MedicAgent Web App/MedicAgent_Web_App.entitlements";
				CODE_SIGN_STYLE = Automatic;
				COMBINE_HIDPI_IMAGES = YES;
				CURRENT_PROJECT_VERSION = 1;
				DEVELOPMENT_TEAM = QV96P5448G;
				ENABLE_HARDENED_RUNTIME = YES;
				GENERATE_INFOPLIST_FILE = YES;
				INFOPLIST_KEY_NSHumanReadableCopyright = "";
				INFOPLIST_KEY_NSMainStoryboardFile = Main;
				INFOPLIST_KEY_NSPrincipalClass = NSApplication;
				LD_RUNPATH_SEARCH_PATHS = (
					"$(inherited)",
					"@executable_path/../Frameworks",
				);
				MARKETING_VERSION = 1.0;
				PRODUCT_BUNDLE_IDENTIFIER = "MedicAgent.MedicAgent-Web-App";
				PRODUCT_NAME = "$(TARGET_NAME)";
				SWIFT_EMIT_LOC_STRINGS = YES;
				SWIFT_VERSION = 5.0;
			};
			name = Release;
		};
		2BBF5A0A27F27AB200729F79 /* Debug */ = {
			isa = XCBuildConfiguration;
			buildSettings = {
				ALWAYS_EMBED_SWIFT_STANDARD_LIBRARIES = YES;
				BUNDLE_LOADER = "$(TEST_HOST)";
				CODE_SIGN_STYLE = Automatic;
				CURRENT_PROJECT_VERSION = 1;
				DEVELOPMENT_TEAM = QV96P5448G;
				GENERATE_INFOPLIST_FILE = YES;
				MACOSX_DEPLOYMENT_TARGET = 11.3;
				MARKETING_VERSION = 1.0;
				PRODUCT_BUNDLE_IDENTIFIER = "MedicAgent.MedicAgent-Web-AppTests";
				PRODUCT_NAME = "$(TARGET_NAME)";
				SWIFT_EMIT_LOC_STRINGS = NO;
				SWIFT_VERSION = 5.0;
				TEST_HOST = "$(BUILT_PRODUCTS_DIR)/MedicAgent Web App.app/Contents/MacOS/MedicAgent Web App";
			};
			name = Debug;
		};
		2BBF5A0B27F27AB200729F79 /* Release */ = {
			isa = XCBuildConfiguration;
			buildSettings = {
				ALWAYS_EMBED_SWIFT_STANDARD_LIBRARIES = YES;
				BUNDLE_LOADER = "$(TEST_HOST)";
				CODE_SIGN_STYLE = Automatic;
				CURRENT_PROJECT_VERSION = 1;
				DEVELOPMENT_TEAM = QV96P5448G;
				GENERATE_INFOPLIST_FILE = YES;
				MACOSX_DEPLOYMENT_TARGET = 11.3;
				MARKETING_VERSION = 1.0;
				PRODUCT_BUNDLE_IDENTIFIER = "MedicAgent.MedicAgent-Web-AppTests";
				PRODUCT_NAME = "$(TARGET_NAME)";
				SWIFT_EMIT_LOC_STRINGS = NO;
				SWIFT_VERSION = 5.0;
				TEST_HOST = "$(BUILT_PRODUCTS_DIR)/MedicAgent Web App.app/Contents/MacOS/MedicAgent Web App";
			};
			name = Release;
		};
		2BBF5A0D27F27AB200729F79 /* Debug */ = {
			isa = XCBuildConfiguration;
			buildSettings = {
				ALWAYS_EMBED_SWIFT_STANDARD_LIBRARIES = YES;
				CODE_SIGN_STYLE = Automatic;
				CURRENT_PROJECT_VERSION = 1;
				DEVELOPMENT_TEAM = QV96P5448G;
				GENERATE_INFOPLIST_FILE = YES;
				MARKETING_VERSION = 1.0;
				PRODUCT_BUNDLE_IDENTIFIER = "MedicAgent.MedicAgent-Web-AppUITests";
				PRODUCT_NAME = "$(TARGET_NAME)";
				SWIFT_EMIT_LOC_STRINGS = NO;
				SWIFT_VERSION = 5.0;
				TEST_TARGET_NAME = "MedicAgent Web App";
			};
			name = Debug;
		};
		2BBF5A0E27F27AB200729F79 /* Release */ = {
			isa = XCBuildConfiguration;
			buildSettings = {
				ALWAYS_EMBED_SWIFT_STANDARD_LIBRARIES = YES;
				CODE_SIGN_STYLE = Automatic;
				CURRENT_PROJECT_VERSION = 1;
				DEVELOPMENT_TEAM = QV96P5448G;
				GENERATE_INFOPLIST_FILE = YES;
				MARKETING_VERSION = 1.0;
				PRODUCT_BUNDLE_IDENTIFIER = "MedicAgent.MedicAgent-Web-AppUITests";
				PRODUCT_NAME = "$(TARGET_NAME)";
				SWIFT_EMIT_LOC_STRINGS = NO;
				SWIFT_VERSION = 5.0;
				TEST_TARGET_NAME = "MedicAgent Web App";
			};
			name = Release;
		};
/* End XCBuildConfiguration section */

/* Begin XCConfigurationList section */
		2BBF59DC27F27AB100729F79 /* Build configuration list for PBXProject "MedicAgent Web App" */ = {
			isa = XCConfigurationList;
			buildConfigurations = (
				2BBF5A0427F27AB200729F79 /* Debug */,
				2BBF5A0527F27AB200729F79 /* Release */,
			);
			defaultConfigurationIsVisible = 0;
			defaultConfigurationName = Release;
		};
		2BBF5A0627F27AB200729F79 /* Build configuration list for PBXNativeTarget "MedicAgent Web App" */ = {
			isa = XCConfigurationList;
			buildConfigurations = (
				2BBF5A0727F27AB200729F79 /* Debug */,
				2BBF5A0827F27AB200729F79 /* Release */,
			);
			defaultConfigurationIsVisible = 0;
			defaultConfigurationName = Release;
		};
		2BBF5A0927F27AB200729F79 /* Build configuration list for PBXNativeTarget "MedicAgent Web AppTests" */ = {
			isa = XCConfigurationList;
			buildConfigurations = (
				2BBF5A0A27F27AB200729F79 /* Debug */,
				2BBF5A0B27F27AB200729F79 /* Release */,
			);
			defaultConfigurationIsVisible = 0;
			defaultConfigurationName = Release;
		};
		2BBF5A0C27F27AB200729F79 /* Build configuration list for PBXNativeTarget "MedicAgent Web AppUITests" */ = {
			isa = XCConfigurationList;
			buildConfigurations = (
				2BBF5A0D27F27AB200729F79 /* Debug */,
				2BBF5A0E27F27AB200729F79 /* Release */,
			);
			defaultConfigurationIsVisible = 0;
			defaultConfigurationName = Release;
		};
/* End XCConfigurationList section */
	};
	rootObject = 2BBF59D927F27AB100729F79 /* Project object */;
}
